
Microsoft Visual Studio Solution File, Format Version 12.00
# Visual Studio Version 17
VisualStudioVersion = 17.9.34723.18
MinimumVisualStudioVersion = 10.0.40219.1
Project("{FAE04EC0-301F-11D3-BF4B-00C04F79EFBC}") = "SeerRandomSkin", "SeerRandomSkin\SeerRandomSkin.csproj", "{E4837760-22ED-4BB9-8698-5C23EB29FDE4}"
EndProject
Project("{FAE04EC0-301F-11D3-BF4B-00C04F79EFBC}") = "SpeedhackWrapper", "SpeedhackWrapper\SpeedhackWrapper.csproj", "{EB931F8A-14B9-459B-A428-AFFCD3900564}"
EndProject
Project("{FAE04EC0-301F-11D3-BF4B-00C04F79EFBC}") = "SocketHack", "SocketHack\SocketHack.csproj", "{AFC7AB48-C975-438D-A2E4-3942203825C7}"
EndProject
Global
	GlobalSection(SolutionConfigurationPlatforms) = preSolution
		Debug|Any CPU = Debug|Any CPU
		Debug|x64 = Debug|x64
		Debug|x86 = Debug|x86
		Release|Any CPU = Release|Any CPU
		Release|x64 = Release|x64
		Release|x86 = Release|x86
	EndGlobalSection
	GlobalSection(ProjectConfigurationPlatforms) = postSolution
		{E4837760-22ED-4BB9-8698-5C23EB29FDE4}.Debug|Any CPU.ActiveCfg = Debug|Any CPU
		{E4837760-22ED-4BB9-8698-5C23EB29FDE4}.Debug|Any CPU.Build.0 = Debug|Any CPU
		{E4837760-22ED-4BB9-8698-5C23EB29FDE4}.Debug|x64.ActiveCfg = Debug|x64
		{E4837760-22ED-4BB9-8698-5C23EB29FDE4}.Debug|x64.Build.0 = Debug|x64
		{E4837760-22ED-4BB9-8698-5C23EB29FDE4}.Debug|x86.ActiveCfg = Debug|x86
		{E4837760-22ED-4BB9-8698-5C23EB29FDE4}.Debug|x86.Build.0 = Debug|x86
		{E4837760-22ED-4BB9-8698-5C23EB29FDE4}.Release|Any CPU.ActiveCfg = Release|Any CPU
		{E4837760-22ED-4BB9-8698-5C23EB29FDE4}.Release|Any CPU.Build.0 = Release|Any CPU
		{E4837760-22ED-4BB9-8698-5C23EB29FDE4}.Release|x64.ActiveCfg = Release|x64
		{E4837760-22ED-4BB9-8698-5C23EB29FDE4}.Release|x64.Build.0 = Release|x64
		{E4837760-22ED-4BB9-8698-5C23EB29FDE4}.Release|x86.ActiveCfg = Release|x86
		{E4837760-22ED-4BB9-8698-5C23EB29FDE4}.Release|x86.Build.0 = Release|x86
		{EB931F8A-14B9-459B-A428-AFFCD3900564}.Debug|Any CPU.ActiveCfg = Debug|Any CPU
		{EB931F8A-14B9-459B-A428-AFFCD3900564}.Debug|Any CPU.Build.0 = Debug|Any CPU
		{EB931F8A-14B9-459B-A428-AFFCD3900564}.Debug|x64.ActiveCfg = Debug|x64
		{EB931F8A-14B9-459B-A428-AFFCD3900564}.Debug|x64.Build.0 = Debug|x64
		{EB931F8A-14B9-459B-A428-AFFCD3900564}.Debug|x86.ActiveCfg = Debug|Any CPU
		{EB931F8A-14B9-459B-A428-AFFCD3900564}.Debug|x86.Build.0 = Debug|Any CPU
		{EB931F8A-14B9-459B-A428-AFFCD3900564}.Release|Any CPU.ActiveCfg = Release|Any CPU
		{EB931F8A-14B9-459B-A428-AFFCD3900564}.Release|Any CPU.Build.0 = Release|Any CPU
		{EB931F8A-14B9-459B-A428-AFFCD3900564}.Release|x64.ActiveCfg = Release|x64
		{EB931F8A-14B9-459B-A428-AFFCD3900564}.Release|x64.Build.0 = Release|x64
		{EB931F8A-14B9-459B-A428-AFFCD3900564}.Release|x86.ActiveCfg = Release|Any CPU
		{EB931F8A-14B9-459B-A428-AFFCD3900564}.Release|x86.Build.0 = Release|Any CPU
		{AFC7AB48-C975-438D-A2E4-3942203825C7}.Debug|Any CPU.ActiveCfg = Debug|Any CPU
		{AFC7AB48-C975-438D-A2E4-3942203825C7}.Debug|Any CPU.Build.0 = Debug|Any CPU
		{AFC7AB48-C975-438D-A2E4-3942203825C7}.Debug|x64.ActiveCfg = Debug|x64
		{AFC7AB48-C975-438D-A2E4-3942203825C7}.Debug|x64.Build.0 = Debug|x64
		{AFC7AB48-C975-438D-A2E4-3942203825C7}.Debug|x86.ActiveCfg = Debug|Any CPU
		{AFC7AB48-C975-438D-A2E4-3942203825C7}.Debug|x86.Build.0 = Debug|Any CPU
		{AFC7AB48-C975-438D-A2E4-3942203825C7}.Release|Any CPU.ActiveCfg = Release|Any CPU
		{AFC7AB48-C975-438D-A2E4-3942203825C7}.Release|Any CPU.Build.0 = Release|Any CPU
		{AFC7AB48-C975-438D-A2E4-3942203825C7}.Release|x64.ActiveCfg = Release|x64
		{AFC7AB48-C975-438D-A2E4-3942203825C7}.Release|x64.Build.0 = Release|x64
		{AFC7AB48-C975-438D-A2E4-3942203825C7}.Release|x86.ActiveCfg = Release|Any CPU
		{AFC7AB48-C975-438D-A2E4-3942203825C7}.Release|x86.Build.0 = Release|Any CPU
	EndGlobalSection
	GlobalSection(SolutionProperties) = preSolution
		HideSolutionNode = FALSE
	EndGlobalSection
	GlobalSection(ExtensibilityGlobals) = postSolution
		SolutionGuid = {13D40E78-4384-4AA8-ABF4-62AD8BAD2DD7}
	EndGlobalSection
EndGlobal
